
Microsoft Visual Studio Solution File, Format Version 12.00
# Visual Studio Version 17
VisualStudioVersion = 17.6.33801.468
MinimumVisualStudioVersion = 10.0.40219.1
Project("{FAE04EC0-301F-11D3-BF4B-00C04F79EFBC}") = "ConsoleCalculator", "ConsoleCalculator.csproj", "{D26F96C9-F375-414E-BBCA-DB3D182140F6}"
EndProject
Global
	GlobalSection(SolutionConfigurationPlatforms) = preSolution
		Debug|Any CPU = Debug|Any CPU
		Release|Any CPU = Release|Any CPU
	EndGlobalSection
	GlobalSection(ProjectConfigurationPlatforms) = postSolution
		{D26F96C9-F375-414E-BBCA-DB3D182140F6}.Debug|Any CPU.ActiveCfg = Debug|Any CPU
		{D26F96C9-F375-414E-BBCA-DB3D182140F6}.Debug|Any CPU.Build.0 = Debug|Any CPU
		{D26F96C9-F375-414E-BBCA-DB3D182140F6}.Release|Any CPU.ActiveCfg = Release|Any CPU
		{D26F96C9-F375-414E-BBCA-DB3D182140F6}.Release|Any CPU.Build.0 = Release|Any CPU
	EndGlobalSection
	GlobalSection(SolutionProperties) = preSolution
		HideSolutionNode = FALSE
	EndGlobalSection
	GlobalSection(ExtensibilityGlobals) = postSolution
		SolutionGuid = {B8C55D68-BFBE-4453-8738-AAFA334ADB57}
	EndGlobalSection
EndGlobal
